
Microsoft Visual Studio Solution File, Format Version 12.00
# Visual Studio Version 17
VisualStudioVersion = 17.10.35013.160
MinimumVisualStudioVersion = 10.0.40219.1
Project("{FAE04EC0-301F-11D3-BF4B-00C04F79EFBC}") = "HealthCheck.Server", "HealthCheck.Server\HealthCheck.Server.csproj", "{56E9FFC7-84C2-4061-8351-60F6024A1F1B}"
EndProject
Project("{54A90642-561A-4BB1-A94E-469ADEE60C69}") = "healthcheck.client", "healthcheck.client\healthcheck.client.esproj", "{07672809-258D-47DA-80B2-70B8FE3A64A6}"
EndProject
Global
	GlobalSection(SolutionConfigurationPlatforms) = preSolution
		Debug|Any CPU = Debug|Any CPU
		Release|Any CPU = Release|Any CPU
	EndGlobalSection
	GlobalSection(ProjectConfigurationPlatforms) = postSolution
		{56E9FFC7-84C2-4061-8351-60F6024A1F1B}.Debug|Any CPU.ActiveCfg = Debug|Any CPU
		{56E9FFC7-84C2-4061-8351-60F6024A1F1B}.Debug|Any CPU.Build.0 = Debug|Any CPU
		{56E9FFC7-84C2-4061-8351-60F6024A1F1B}.Release|Any CPU.ActiveCfg = Release|Any CPU
		{56E9FFC7-84C2-4061-8351-60F6024A1F1B}.Release|Any CPU.Build.0 = Release|Any CPU
		{07672809-258D-47DA-80B2-70B8FE3A64A6}.Debug|Any CPU.ActiveCfg = Debug|Any CPU
		{07672809-258D-47DA-80B2-70B8FE3A64A6}.Debug|Any CPU.Build.0 = Debug|Any CPU
		{07672809-258D-47DA-80B2-70B8FE3A64A6}.Debug|Any CPU.Deploy.0 = Debug|Any CPU
		{07672809-258D-47DA-80B2-70B8FE3A64A6}.Release|Any CPU.ActiveCfg = Release|Any CPU
		{07672809-258D-47DA-80B2-70B8FE3A64A6}.Release|Any CPU.Build.0 = Release|Any CPU
		{07672809-258D-47DA-80B2-70B8FE3A64A6}.Release|Any CPU.Deploy.0 = Release|Any CPU
	EndGlobalSection
	GlobalSection(SolutionProperties) = preSolution
		HideSolutionNode = FALSE
	EndGlobalSection
	GlobalSection(ExtensibilityGlobals) = postSolution
		SolutionGuid = {4E420993-61B2-46A5-AAEC-4572934EA686}
	EndGlobalSection
EndGlobal
